<?xml version="1.0" encoding="UTF-8"?>
<CONFIG>
  <ProjectOptions>
    <Version Value="10"/>
    <PathDelim Value="\"/>
    <General>
      <SessionStorage Value="InProjectDir"/>
      <MainUnit Value="0"/>
      <Title Value="Caçamba System"/>
      <ResourceType Value="res"/>
      <UseXPManifest Value="True"/>
      <Icon Value="0"/>
    </General>
    <i18n>
      <EnableI18N LFM="False"/>
    </i18n>
    <VersionInfo>
      <StringTable ProductVersion=""/>
    </VersionInfo>
    <BuildModes Count="1">
      <Item1 Name="Default" Default="True"/>
    </BuildModes>
    <PublishOptions>
      <Version Value="2"/>
    </PublishOptions>
    <RunParams>
      <local>
        <FormatVersion Value="1"/>
      </local>
    </RunParams>
    <RequiredPackages Count="4">
      <Item1>
        <PackageName Value="fortes324forlaz"/>
      </Item1>
      <Item2>
        <PackageName Value="FCL"/>
      </Item2>
      <Item3>
        <PackageName Value="SQLDBLaz"/>
      </Item3>
      <Item4>
        <PackageName Value="LCL"/>
      </Item4>
    </RequiredPackages>
    <Units Count="20">
      <Unit0>
        <Filename Value="cacambas.lpr"/>
        <IsPartOfProject Value="True"/>
      </Unit0>
      <Unit1>
        <Filename Value="inicial.pas"/>
        <IsPartOfProject Value="True"/>
        <ComponentName Value="t_inicial"/>
        <HasResources Value="True"/>
        <ResourceBaseClass Value="Form"/>
      </Unit1>
      <Unit2>
        <Filename Value="logon.pas"/>
        <IsPartOfProject Value="True"/>
        <ComponentName Value="t_logon"/>
        <HasResources Value="True"/>
        <ResourceBaseClass Value="Form"/>
      </Unit2>
      <Unit3>
        <Filename Value="home.pas"/>
        <IsPartOfProject Value="True"/>
        <ComponentName Value="t_home"/>
        <HasResources Value="True"/>
        <ResourceBaseClass Value="Form"/>
      </Unit3>
      <Unit4>
        <Filename Value="dm.pas"/>
        <IsPartOfProject Value="True"/>
        <ComponentName Value="DMC"/>
        <HasResources Value="True"/>
        <ResourceBaseClass Value="DataModule"/>
        <UnitName Value="DM"/>
      </Unit4>
      <Unit5>
        <Filename Value="gerenciar_cacamba.pas"/>
        <IsPartOfProject Value="True"/>
        <ComponentName Value="t_cacamba"/>
        <HasResources Value="True"/>
        <ResourceBaseClass Value="Form"/>
      </Unit5>
      <Unit6>
        <Filename Value="preco.pas"/>
        <IsPartOfProject Value="True"/>
        <ComponentName Value="t_preco"/>
        <HasResources Value="True"/>
        <ResourceBaseClass Value="Form"/>
      </Unit6>
      <Unit7>
        <Filename Value="funcionarios.pas"/>
        <IsPartOfProject Value="True"/>
        <ComponentName Value="t_funcionarios"/>
        <HasResources Value="True"/>
        <ResourceBaseClass Value="Form"/>
      </Unit7>
      <Unit8>
        <Filename Value="financeiro.pas"/>
        <IsPartOfProject Value="True"/>
        <ComponentName Value="t_financeiro"/>
        <HasResources Value="True"/>
        <ResourceBaseClass Value="Form"/>
      </Unit8>
      <Unit9>
        <Filename Value="pedidos.pas"/>
        <IsPartOfProject Value="True"/>
        <ComponentName Value="t_pedidos"/>
        <HasResources Value="True"/>
        <ResourceBaseClass Value="Form"/>
      </Unit9>
      <Unit10>
        <Filename Value="relatorio_cacamba.pas"/>
        <IsPartOfProject Value="True"/>
        <ComponentName Value="t_rel_cacamba"/>
        <HasResources Value="True"/>
        <ResourceBaseClass Value="Form"/>
      </Unit10>
      <Unit11>
        <Filename Value="relatorio_financeiro.pas"/>
        <IsPartOfProject Value="True"/>
        <ComponentName Value="t_rel_financeiro"/>
        <HasResources Value="True"/>
        <ResourceBaseClass Value="Form"/>
      </Unit11>
      <Unit12>
        <Filename Value="relatorio_financeiro_semanal.pas"/>
        <IsPartOfProject Value="True"/>
        <ComponentName Value="Form1"/>
        <HasResources Value="True"/>
        <ResourceBaseClass Value="Form"/>
      </Unit12>
      <Unit13>
        <Filename Value="relatorio_mensal_receitas.pas"/>
        <IsPartOfProject Value="True"/>
        <ComponentName Value="relatorio_mensal_receita"/>
        <HasResources Value="True"/>
        <ResourceBaseClass Value="Form"/>
      </Unit13>
      <Unit14>
        <Filename Value="relatorio_semanal_receitas.pas"/>
        <IsPartOfProject Value="True"/>
        <ComponentName Value="relatorio_semanal_receitas"/>
        <ResourceBaseClass Value="Form"/>
      </Unit14>
      <Unit15>
        <Filename Value="relatorio_anual_gastos.pas"/>
        <IsPartOfProject Value="True"/>
        <ComponentName Value="t_relatorio_anual_gastos"/>
        <ResourceBaseClass Value="Form"/>
      </Unit15>
      <Unit16>
        <Filename Value="relatorio_anual_receitas.pas"/>
        <IsPartOfProject Value="True"/>
        <ComponentName Value="t_relatorio_anual_receitas"/>
        <ResourceBaseClass Value="Form"/>
      </Unit16>
      <Unit17>
        <Filename Value="relatorio_mensal_locacao.pas"/>
        <IsPartOfProject Value="True"/>
        <ComponentName Value="t_relatorio_mensal_locacao"/>
        <ResourceBaseClass Value="Form"/>
      </Unit17>
      <Unit18>
        <Filename Value="relatorio_anual_locacao.pas"/>
        <IsPartOfProject Value="True"/>
        <ComponentName Value="t_relatorio_anual_locacao"/>
        <ResourceBaseClass Value="Form"/>
      </Unit18>
      <Unit19>
        <Filename Value="logotipo.pas"/>
        <IsPartOfProject Value="True"/>
        <ComponentName Value="t_logo"/>
        <HasResources Value="True"/>
        <ResourceBaseClass Value="Form"/>
      </Unit19>
    </Units>
  </ProjectOptions>
  <CompilerOptions>
    <Version Value="11"/>
    <PathDelim Value="\"/>
    <Target>
      <Filename Value="cacambas"/>
    </Target>
    <SearchPaths>
      <IncludeFiles Value="$(ProjOutDir)"/>
      <UnitOutputDirectory Value="lib\$(TargetCPU)-$(TargetOS)"/>
    </SearchPaths>
    <Linking>
      <Options>
        <Win32>
          <GraphicApplication Value="True"/>
        </Win32>
      </Options>
    </Linking>
  </CompilerOptions>
  <Debugging>
    <Exceptions Count="3">
      <Item1>
        <Name Value="EAbort"/>
      </Item1>
      <Item2>
        <Name Value="ECodetoolError"/>
      </Item2>
      <Item3>
        <Name Value="EFOpenError"/>
      </Item3>
    </Exceptions>
  </Debugging>
</CONFIG>
